
Microsoft Visual Studio Solution File, Format Version 12.00
# Visual Studio 15
VisualStudioVersion = 15.0.27428.2015
MinimumVisualStudioVersion = 10.0.40219.1
Project("{FAE04EC0-301F-11D3-BF4B-00C04F79EFBC}") = "CollegeRandom", "CollegeRandom\CollegeRandom.csproj", "{8817C463-B8C1-478E-BA4A-757C4DFAF480}"
EndProject
Global
	GlobalSection(SolutionConfigurationPlatforms) = preSolution
		Debug|Any CPU = Debug|Any CPU
		Release|Any CPU = Release|Any CPU
	EndGlobalSection
	GlobalSection(ProjectConfigurationPlatforms) = postSolution
		{8817C463-B8C1-478E-BA4A-757C4DFAF480}.Debug|Any CPU.ActiveCfg = Debug|Any CPU
		{8817C463-B8C1-478E-BA4A-757C4DFAF480}.Debug|Any CPU.Build.0 = Debug|Any CPU
		{8817C463-B8C1-478E-BA4A-757C4DFAF480}.Release|Any CPU.ActiveCfg = Release|Any CPU
		{8817C463-B8C1-478E-BA4A-757C4DFAF480}.Release|Any CPU.Build.0 = Release|Any CPU
	EndGlobalSection
	GlobalSection(SolutionProperties) = preSolution
		HideSolutionNode = FALSE
	EndGlobalSection
	GlobalSection(ExtensibilityGlobals) = postSolution
		SolutionGuid = {3A202498-F8F2-46F4-86BC-8D0C7ECE9C5A}
	EndGlobalSection
EndGlobal
